
Microsoft Visual Studio Solution File, Format Version 12.00
# Visual Studio 15
VisualStudioVersion = 15.0.28307.489
MinimumVisualStudioVersion = 10.0.40219.1
Project("{FAE04EC0-301F-11D3-BF4B-00C04F79EFBC}") = "BostreamWeb", "BostreamWeb\BostreamWeb.csproj", "{758A294A-A584-47C5-AC04-247766C524D5}"
EndProject
Project("{FAE04EC0-301F-11D3-BF4B-00C04F79EFBC}") = "BostreamWeb.Tests", "BostreamWeb.Tests\BostreamWeb.Tests.csproj", "{3A98F73C-43DC-4632-8919-02BD5996854F}"
EndProject
Global
	GlobalSection(SolutionConfigurationPlatforms) = preSolution
		Debug|Any CPU = Debug|Any CPU
		Release|Any CPU = Release|Any CPU
	EndGlobalSection
	GlobalSection(ProjectConfigurationPlatforms) = postSolution
		{758A294A-A584-47C5-AC04-247766C524D5}.Debug|Any CPU.ActiveCfg = Debug|Any CPU
		{758A294A-A584-47C5-AC04-247766C524D5}.Debug|Any CPU.Build.0 = Debug|Any CPU
		{758A294A-A584-47C5-AC04-247766C524D5}.Release|Any CPU.ActiveCfg = Release|Any CPU
		{758A294A-A584-47C5-AC04-247766C524D5}.Release|Any CPU.Build.0 = Release|Any CPU
		{3A98F73C-43DC-4632-8919-02BD5996854F}.Debug|Any CPU.ActiveCfg = Debug|Any CPU
		{3A98F73C-43DC-4632-8919-02BD5996854F}.Debug|Any CPU.Build.0 = Debug|Any CPU
		{3A98F73C-43DC-4632-8919-02BD5996854F}.Release|Any CPU.ActiveCfg = Release|Any CPU
		{3A98F73C-43DC-4632-8919-02BD5996854F}.Release|Any CPU.Build.0 = Release|Any CPU
	EndGlobalSection
	GlobalSection(SolutionProperties) = preSolution
		HideSolutionNode = FALSE
	EndGlobalSection
	GlobalSection(ExtensibilityGlobals) = postSolution
		SolutionGuid = {7C98AC09-40CB-4CF5-B8F1-475A02B6718D}
	EndGlobalSection
EndGlobal
